apiVersion: kbld.k14s.io/v1alpha1
kind: Config
minimumRequiredVersion: 0.32.0
overrides:
- image: jamesclonk/jcio-frontend:e3b6319a4da4cf22466e9d319a768e3d8ddb8b2f
  newImage: index.docker.io/jamesclonk/jcio-frontend@sha256:d62679fb8445d40c2e4ac28428e447a1f5e6c012f4d84eb31e760fc42ecff905
  preresolved: true
- image: jamesclonk/moviedb-backend:6abf341bd5f1d050e43ac34be3f56b0f72e4af75
  newImage: index.docker.io/jamesclonk/moviedb-backend@sha256:0a3b889a7fa8417787e41b0a87de7cc08c8e1a19864d9306c2eb470e88109785
  preresolved: true
- image: jamesclonk/moviedb-frontend:87286a8dd8d0ff6fb9108880b51887854ad0872c
  newImage: index.docker.io/jamesclonk/moviedb-frontend@sha256:f81a790fc80fc916d9c34cfb598600d82a1e0b904ac7b19827d83ed943af0f6f
  preresolved: true
