apiVersion: kbld.k14s.io/v1alpha1
kind: Config
minimumRequiredVersion: 0.32.0
overrides:
- image: postgres:12
  newImage: index.docker.io/library/postgres@sha256:9bb9989581be2b92756d795435a3c032fa701603bbf34490bf724d6ab65bd240
  preresolved: true
- image: sosedoff/pgweb:0.11.7
  newImage: index.docker.io/sosedoff/pgweb@sha256:85e0132e0cce703a28592bb65e8355cc240d5f1cb4c4f57e2487fd3d5ce1120c
  preresolved: true
