apiVersion: kbld.k14s.io/v1alpha1
kind: Config
minimumRequiredVersion: 0.32.0
overrides:
- image: jamesclonk/home-info-dashboard:05bf386c18b1befabf1b784d8cf54ec354719ff2
  newImage: index.docker.io/jamesclonk/home-info-dashboard@sha256:db08340b72b4896dc905f532b84d48d631ad8b13ff7aeb330d461abee2ea9515
  preresolved: true
