apiVersion: kbld.k14s.io/v1alpha1
kind: Config
minimumRequiredVersion: 0.31.0
overrides:
- image: jamesclonk/home-info-dashboard:b8efa3ebfb587034e05c9b6f7217b93a1d1bbd3f
  newImage: index.docker.io/jamesclonk/home-info-dashboard@sha256:e9bcedca67d65961ff56874336bbc48623c86e011740ab59f9fcaca54f75edf1
  preresolved: true
