apiVersion: kbld.k14s.io/v1alpha1
kind: Config
minimumRequiredVersion: 0.31.0
overrides:
- image: jamesclonk/ircollector:80025b9907e5613804360076814f2eb565b60f60
  newImage: index.docker.io/jamesclonk/ircollector@sha256:81c5f8eadd1b06fd608cdce54e3ef091b9c2a711291fd5c1830caa044fc959fe
  preresolved: true
- image: jamesclonk/irvisualizer:33a976fc070e7362daa0bb8b9cdf7c87544f96e6
  newImage: index.docker.io/jamesclonk/irvisualizer@sha256:f5bcf2d8fd60580921551a4249def9170b62721b015872f3e75912736f3b06f2
  preresolved: true
