apiVersion: kbld.k14s.io/v1alpha1
kind: Config
minimumRequiredVersion: 0.32.0
overrides:
- image: jamesclonk/ircollector:2d67e442c60ae3f79fa2c9a1967f211ea8d3586d
  newImage: index.docker.io/jamesclonk/ircollector@sha256:efe4b49cca4d4b5e28c41652a75374c91f685b76e3394c2211ad7fc66d60be81
  preresolved: true
- image: jamesclonk/irdiscordbot:3fa8685345970a189ec36d1fb5c9db95ec63713b
  newImage: index.docker.io/jamesclonk/irdiscordbot@sha256:bcf002036622056fdc363007183113ab9e1786b27dd431875a5a128171b5211d
  preresolved: true
- image: jamesclonk/irvisualizer:318071854391c1fb150d6abb931545fa0052ce09
  newImage: index.docker.io/jamesclonk/irvisualizer@sha256:b75622da5f26394095b1dd9771fa75a1cf938ae7128f95b32b9e266260a34c6f
  preresolved: true
