apiVersion: kbld.k14s.io/v1alpha1
kind: Config
minimumRequiredVersion: 0.32.0
overrides:
- image: jamesclonk/ircollector:11d20022a9a47a5c0316a46f9ecdce3442915892
  newImage: index.docker.io/jamesclonk/ircollector@sha256:e56ed335595567ff54d2be64a460a5403ec7146b115c31c2ca6c723526da2189
  preresolved: true
- image: jamesclonk/irdiscordbot:3fa8685345970a189ec36d1fb5c9db95ec63713b
  newImage: index.docker.io/jamesclonk/irdiscordbot@sha256:bcf002036622056fdc363007183113ab9e1786b27dd431875a5a128171b5211d
  preresolved: true
- image: jamesclonk/irvisualizer:10a75dc5e32b6654b82e5b217adc546469c8c975
  newImage: index.docker.io/jamesclonk/irvisualizer@sha256:853e3c9be7602e2f1257f70799dc50d55f7b38d2d74949acae6b7a127809dd5d
  preresolved: true
