apiVersion: kbld.k14s.io/v1alpha1
kind: Config
minimumRequiredVersion: 0.31.0
overrides:
- image: jamesclonk/repo-mirrorer:131393058d9c18df73ff15279b5d14cc299cfdd8
  newImage: index.docker.io/jamesclonk/repo-mirrorer@sha256:241ad771fa386f4b699bb2f01982114cbb23ce64e1f963c21ecfb9a191a34e45
  preresolved: true
