apiVersion: kbld.k14s.io/v1alpha1
kind: Config
minimumRequiredVersion: 0.32.0
overrides:
- image: jamesclonk/repo-mirrorer:83548d8c17618a57d377467eea8e34264be3dde4
  newImage: index.docker.io/jamesclonk/repo-mirrorer@sha256:4f9477d95d903fe2c68249928c1959ff604dba312a3db5bd7e7475544da47029
  preresolved: true
