apiVersion: kbld.k14s.io/v1alpha1
kind: Config
minimumRequiredVersion: 0.32.0
overrides:
- image: busybox:1.32.0
  newImage: index.docker.io/library/busybox@sha256:bde48e1751173b709090c2539fdf12d6ba64e88ec7a4301591227ce925f3c678
  preresolved: true
- image: ghcr.io/jamesclonk/k8s-container:ed26e975b80145e911cd710f467ee694b4e7f8c5
  newImage: ghcr.io/jamesclonk/k8s-container@sha256:a553174ac7ac45932ba78fdfaf3a51b269559a2bc3fc9173abd5ba8c664db27a
  preresolved: true
