apiVersion: kbld.k14s.io/v1alpha1
kind: Config
minimumRequiredVersion: 0.32.0
overrides:
- image: busybox:1.32.0
  newImage: index.docker.io/library/busybox@sha256:bde48e1751173b709090c2539fdf12d6ba64e88ec7a4301591227ce925f3c678
  preresolved: true
- image: ghcr.io/jamesclonk/k8s-container:97ba439e61b0cbc79888951ebcd2cf3b4eb536b1
  newImage: ghcr.io/jamesclonk/k8s-container@sha256:2b6f2b5b36ba22e15362f0ea3bb084dd28b74ffb92e1507d2a12e27aab1a21fd
  preresolved: true
